
Microsoft Visual Studio Solution File, Format Version 12.00
# Visual Studio 15
VisualStudioVersion = 15.0.27130.2026
MinimumVisualStudioVersion = 10.0.40219.1
Project("{FAE04EC0-301F-11D3-BF4B-00C04F79EFBC}") = "DutchTreat", "DutchTreat\DutchTreat.csproj", "{CC535761-A1E4-4AFC-98CE-86853F16AB34}"
EndProject
Global
	GlobalSection(SolutionConfigurationPlatforms) = preSolution
		Debug|Any CPU = Debug|Any CPU
		Release|Any CPU = Release|Any CPU
	EndGlobalSection
	GlobalSection(ProjectConfigurationPlatforms) = postSolution
		{CC535761-A1E4-4AFC-98CE-86853F16AB34}.Debug|Any CPU.ActiveCfg = Debug|Any CPU
		{CC535761-A1E4-4AFC-98CE-86853F16AB34}.Debug|Any CPU.Build.0 = Debug|Any CPU
		{CC535761-A1E4-4AFC-98CE-86853F16AB34}.Release|Any CPU.ActiveCfg = Release|Any CPU
		{CC535761-A1E4-4AFC-98CE-86853F16AB34}.Release|Any CPU.Build.0 = Release|Any CPU
	EndGlobalSection
	GlobalSection(SolutionProperties) = preSolution
		HideSolutionNode = FALSE
	EndGlobalSection
	GlobalSection(ExtensibilityGlobals) = postSolution
		SolutionGuid = {2A119C1B-56B7-4C1F-A583-6C6AE25109BA}
	EndGlobalSection
EndGlobal
